
Microsoft Visual Studio Solution File, Format Version 12.00
# Visual Studio 15
VisualStudioVersion = 15.0.28307.136
MinimumVisualStudioVersion = 10.0.40219.1
Project("{8BC9CEB8-8B4A-11D0-8D11-00A0C91BC942}") = "Learn", "Learn\Learn.vcxproj", "{63643EED-007D-43CF-8389-C7B71F9027BF}"
EndProject
Global
	GlobalSection(SolutionConfigurationPlatforms) = preSolution
		Debug|x64 = Debug|x64
		Debug|x86 = Debug|x86
		Release|x64 = Release|x64
		Release|x86 = Release|x86
	EndGlobalSection
	GlobalSection(ProjectConfigurationPlatforms) = postSolution
		{63643EED-007D-43CF-8389-C7B71F9027BF}.Debug|x64.ActiveCfg = Debug|x64
		{63643EED-007D-43CF-8389-C7B71F9027BF}.Debug|x64.Build.0 = Debug|x64
		{63643EED-007D-43CF-8389-C7B71F9027BF}.Debug|x86.ActiveCfg = Debug|Win32
		{63643EED-007D-43CF-8389-C7B71F9027BF}.Debug|x86.Build.0 = Debug|Win32
		{63643EED-007D-43CF-8389-C7B71F9027BF}.Release|x64.ActiveCfg = Release|x64
		{63643EED-007D-43CF-8389-C7B71F9027BF}.Release|x64.Build.0 = Release|x64
		{63643EED-007D-43CF-8389-C7B71F9027BF}.Release|x86.ActiveCfg = Release|Win32
		{63643EED-007D-43CF-8389-C7B71F9027BF}.Release|x86.Build.0 = Release|Win32
	EndGlobalSection
	GlobalSection(SolutionProperties) = preSolution
		HideSolutionNode = FALSE
	EndGlobalSection
	GlobalSection(ExtensibilityGlobals) = postSolution
		SolutionGuid = {8C7AB6FE-A853-4574-98A1-955913115947}
	EndGlobalSection
EndGlobal
